{
  "name": "redis",
  "version": "1.0.0",
  "lockfileVersion": 3,
  "requires": true,
  "packages": {
    "": {
      "name": "redis",
      "version": "1.0.0",
      "license": "ISC",
      "dependencies": {
        "@aws/glide-for-redis": "^0.3.3"
      },
      "devDependencies": {
        "typescript": "^5.4.3"
      }
    },
    "node_modules/@aws/glide-for-redis": {
      "version": "0.3.3",
      "license": "Apache-2.0",
      "optionalDependencies": {
        "@aws/glide-for-redis-darwin-arm64": "0.3.3",
        "@aws/glide-for-redis-darwin-x64": "0.3.3",
        "@aws/glide-for-redis-linux-arm64": "0.3.3",
        "@aws/glide-for-redis-linux-x64": "0.3.3"
      }
    },
    "node_modules/@aws/glide-for-redis-linux-arm64": {
      "version": "0.3.3",
      "bundleDependencies": [
        "glide-rs"
      ],
      "cpu": [
        "arm64"
      ],
      "license": "Apache-2.0",
      "optional": true,
      "os": [
        "linux"
      ],
      "dependencies": {
        "glide-rs": "file:rust-client",
        "long": "^5.2.3",
        "npmignore": "^0.3.0",
        "prettier": "^3.2.5",
        "protobufjs": "^7.2.2"
      }
    },
    "node_modules/@aws/glide-for-redis-linux-arm64/node_modules/glide-rs": {
      "version": "0.1.0",
      "inBundle": true,
      "license": "Apache-2.0",
      "optional": true,
      "engines": {
        "node": ">= 10"
      }
    },
    "node_modules/@protobufjs/aspromise": {
      "version": "1.1.2",
      "license": "BSD-3-Clause",
      "optional": true
    },
    "node_modules/@protobufjs/base64": {
      "version": "1.1.2",
      "license": "BSD-3-Clause",
      "optional": true
    },
    "node_modules/@protobufjs/codegen": {
      "version": "2.0.4",
      "license": "BSD-3-Clause",
      "optional": true
    },
    "node_modules/@protobufjs/eventemitter": {
      "version": "1.1.0",
      "license": "BSD-3-Clause",
      "optional": true
    },
    "node_modules/@protobufjs/fetch": {
      "version": "1.1.0",
      "license": "BSD-3-Clause",
      "optional": true,
      "dependencies": {
        "@protobufjs/aspromise": "^1.1.1",
        "@protobufjs/inquire": "^1.1.0"
      }
    },
    "node_modules/@protobufjs/float": {
      "version": "1.0.2",
      "license": "BSD-3-Clause",
      "optional": true
    },
    "node_modules/@protobufjs/inquire": {
      "version": "1.1.0",
      "license": "BSD-3-Clause",
      "optional": true
    },
    "node_modules/@protobufjs/path": {
      "version": "1.1.2",
      "license": "BSD-3-Clause",
      "optional": true
    },
    "node_modules/@protobufjs/pool": {
      "version": "1.1.0",
      "license": "BSD-3-Clause",
      "optional": true
    },
    "node_modules/@protobufjs/utf8": {
      "version": "1.1.0",
      "license": "BSD-3-Clause",
      "optional": true
    },
    "node_modules/@types/node": {
      "version": "20.12.2",
      "license": "MIT",
      "optional": true,
      "dependencies": {
        "undici-types": "~5.26.4"
      }
    },
    "node_modules/long": {
      "version": "5.2.3",
      "license": "Apache-2.0",
      "optional": true
    },
    "node_modules/minimist": {
      "version": "1.2.8",
      "license": "MIT",
      "optional": true,
      "funding": {
        "url": "https://github.com/sponsors/ljharb"
      }
    },
    "node_modules/npmignore": {
      "version": "0.3.1",
      "license": "MIT",
      "optional": true,
      "dependencies": {
        "minimist": "^1.2.8"
      },
      "bin": {
        "npmignore": "bin/npmignore"
      },
      "engines": {
        "node": ">=0.10.0"
      },
      "funding": {
        "url": "https://github.com/sponsors/ljharb"
      }
    },
    "node_modules/prettier": {
      "version": "3.2.5",
      "license": "MIT",
      "optional": true,
      "bin": {
        "prettier": "bin/prettier.cjs"
      },
      "engines": {
        "node": ">=14"
      },
      "funding": {
        "url": "https://github.com/prettier/prettier?sponsor=1"
      }
    },
    "node_modules/protobufjs": {
      "version": "7.2.6",
      "hasInstallScript": true,
      "license": "BSD-3-Clause",
      "optional": true,
      "dependencies": {
        "@protobufjs/aspromise": "^1.1.2",
        "@protobufjs/base64": "^1.1.2",
        "@protobufjs/codegen": "^2.0.4",
        "@protobufjs/eventemitter": "^1.1.0",
        "@protobufjs/fetch": "^1.1.0",
        "@protobufjs/float": "^1.0.2",
        "@protobufjs/inquire": "^1.1.0",
        "@protobufjs/path": "^1.1.2",
        "@protobufjs/pool": "^1.1.0",
        "@protobufjs/utf8": "^1.1.0",
        "@types/node": ">=13.7.0",
        "long": "^5.0.0"
      },
      "engines": {
        "node": ">=12.0.0"
      }
    },
    "node_modules/typescript": {
      "version": "5.4.3",
      "dev": true,
      "license": "Apache-2.0",
      "bin": {
        "tsc": "bin/tsc",
        "tsserver": "bin/tsserver"
      },
      "engines": {
        "node": ">=14.17"
      }
    },
    "node_modules/undici-types": {
      "version": "5.26.5",
      "license": "MIT",
      "optional": true
    }
  }
}
